
Microsoft Visual Studio Solution File, Format Version 12.00
# Visual Studio Version 16
VisualStudioVersion = 16.0.30804.86
MinimumVisualStudioVersion = 10.0.40219.1
Project("{FAE04EC0-301F-11D3-BF4B-00C04F79EFBC}") = "AspNetShop", "AspNetShop\AspNetShop.csproj", "{E54B92C7-E61E-4A33-8114-B35F64C0B6A4}"
EndProject
Global
	GlobalSection(SolutionConfigurationPlatforms) = preSolution
		Debug|Any CPU = Debug|Any CPU
		Release|Any CPU = Release|Any CPU
	EndGlobalSection
	GlobalSection(ProjectConfigurationPlatforms) = postSolution
		{E54B92C7-E61E-4A33-8114-B35F64C0B6A4}.Debug|Any CPU.ActiveCfg = Debug|Any CPU
		{E54B92C7-E61E-4A33-8114-B35F64C0B6A4}.Debug|Any CPU.Build.0 = Debug|Any CPU
		{E54B92C7-E61E-4A33-8114-B35F64C0B6A4}.Release|Any CPU.ActiveCfg = Release|Any CPU
		{E54B92C7-E61E-4A33-8114-B35F64C0B6A4}.Release|Any CPU.Build.0 = Release|Any CPU
	EndGlobalSection
	GlobalSection(SolutionProperties) = preSolution
		HideSolutionNode = FALSE
	EndGlobalSection
	GlobalSection(ExtensibilityGlobals) = postSolution
		SolutionGuid = {BD10D35E-B7E6-48CD-A25E-E3B1B160B633}
	EndGlobalSection
EndGlobal
